
Microsoft Visual Studio Solution File, Format Version 12.00
# Visual Studio Version 17
VisualStudioVersion = 17.3.32811.315
MinimumVisualStudioVersion = 10.0.40219.1
Project("{FAE04EC0-301F-11D3-BF4B-00C04F79EFBC}") = "Reservation", "Reservation.csproj", "{8E295EBB-CF9E-4CFF-A30A-A89F5FF855CA}"
EndProject
Global
	GlobalSection(SolutionConfigurationPlatforms) = preSolution
		Debug|Any CPU = Debug|Any CPU
		Release|Any CPU = Release|Any CPU
	EndGlobalSection
	GlobalSection(ProjectConfigurationPlatforms) = postSolution
		{8E295EBB-CF9E-4CFF-A30A-A89F5FF855CA}.Debug|Any CPU.ActiveCfg = Debug|Any CPU
		{8E295EBB-CF9E-4CFF-A30A-A89F5FF855CA}.Debug|Any CPU.Build.0 = Debug|Any CPU
		{8E295EBB-CF9E-4CFF-A30A-A89F5FF855CA}.Release|Any CPU.ActiveCfg = Release|Any CPU
		{8E295EBB-CF9E-4CFF-A30A-A89F5FF855CA}.Release|Any CPU.Build.0 = Release|Any CPU
	EndGlobalSection
	GlobalSection(SolutionProperties) = preSolution
		HideSolutionNode = FALSE
	EndGlobalSection
	GlobalSection(ExtensibilityGlobals) = postSolution
		SolutionGuid = {BBCF14ED-A7DA-466E-94A1-7EDE95F8BDE8}
	EndGlobalSection
EndGlobal
